
Microsoft Visual Studio Solution File, Format Version 12.00
# Visual Studio Version 16
VisualStudioVersion = 16.0.34902.97
MinimumVisualStudioVersion = 10.0.40219.1
Project("{FAE04EC0-301F-11D3-BF4B-00C04F79EFBC}") = "MovingEstimator", "MovingEstimator\MovingEstimator.csproj", "{7255AFF8-1071-4DCF-A7B1-7416B3F44294}"
EndProject
Global
	GlobalSection(SolutionConfigurationPlatforms) = preSolution
		Debug|Any CPU = Debug|Any CPU
		Release|Any CPU = Release|Any CPU
	EndGlobalSection
	GlobalSection(ProjectConfigurationPlatforms) = postSolution
		{7255AFF8-1071-4DCF-A7B1-7416B3F44294}.Debug|Any CPU.ActiveCfg = Debug|Any CPU
		{7255AFF8-1071-4DCF-A7B1-7416B3F44294}.Debug|Any CPU.Build.0 = Debug|Any CPU
		{7255AFF8-1071-4DCF-A7B1-7416B3F44294}.Release|Any CPU.ActiveCfg = Release|Any CPU
		{7255AFF8-1071-4DCF-A7B1-7416B3F44294}.Release|Any CPU.Build.0 = Release|Any CPU
	EndGlobalSection
	GlobalSection(SolutionProperties) = preSolution
		HideSolutionNode = FALSE
	EndGlobalSection
	GlobalSection(ExtensibilityGlobals) = postSolution
		SolutionGuid = {E07DA10A-ED5E-42D8-B5E8-24D2FC454256}
	EndGlobalSection
EndGlobal
